
Microsoft Visual Studio Solution File, Format Version 12.00
# Visual Studio Version 16
VisualStudioVersion = 16.0.30804.86
MinimumVisualStudioVersion = 10.0.40219.1
Project("{FAE04EC0-301F-11D3-BF4B-00C04F79EFBC}") = "PointOfSale.Presentation", "PointOfSale.Presentation\PointOfSale.Presentation.csproj", "{69594C82-B3E8-456E-8368-392422746F98}"
EndProject
Project("{FAE04EC0-301F-11D3-BF4B-00C04F79EFBC}") = "PointOfSale.Data", "PointOfSale.Data\PointOfSale.Data.csproj", "{F8ED82F8-9331-4C78-9B2B-FAB98EE4FD56}"
EndProject
Project("{FAE04EC0-301F-11D3-BF4B-00C04F79EFBC}") = "PointOfSale.Domain", "PointOfSale.Domain\PointOfSale.Domain.csproj", "{9C7DD59A-0710-4ED5-81EF-98E3E6B80726}"
EndProject
Global
	GlobalSection(SolutionConfigurationPlatforms) = preSolution
		Debug|Any CPU = Debug|Any CPU
		Release|Any CPU = Release|Any CPU
	EndGlobalSection
	GlobalSection(ProjectConfigurationPlatforms) = postSolution
		{69594C82-B3E8-456E-8368-392422746F98}.Debug|Any CPU.ActiveCfg = Debug|Any CPU
		{69594C82-B3E8-456E-8368-392422746F98}.Debug|Any CPU.Build.0 = Debug|Any CPU
		{69594C82-B3E8-456E-8368-392422746F98}.Release|Any CPU.ActiveCfg = Release|Any CPU
		{69594C82-B3E8-456E-8368-392422746F98}.Release|Any CPU.Build.0 = Release|Any CPU
		{F8ED82F8-9331-4C78-9B2B-FAB98EE4FD56}.Debug|Any CPU.ActiveCfg = Debug|Any CPU
		{F8ED82F8-9331-4C78-9B2B-FAB98EE4FD56}.Debug|Any CPU.Build.0 = Debug|Any CPU
		{F8ED82F8-9331-4C78-9B2B-FAB98EE4FD56}.Release|Any CPU.ActiveCfg = Release|Any CPU
		{F8ED82F8-9331-4C78-9B2B-FAB98EE4FD56}.Release|Any CPU.Build.0 = Release|Any CPU
		{9C7DD59A-0710-4ED5-81EF-98E3E6B80726}.Debug|Any CPU.ActiveCfg = Debug|Any CPU
		{9C7DD59A-0710-4ED5-81EF-98E3E6B80726}.Debug|Any CPU.Build.0 = Debug|Any CPU
		{9C7DD59A-0710-4ED5-81EF-98E3E6B80726}.Release|Any CPU.ActiveCfg = Release|Any CPU
		{9C7DD59A-0710-4ED5-81EF-98E3E6B80726}.Release|Any CPU.Build.0 = Release|Any CPU
	EndGlobalSection
	GlobalSection(SolutionProperties) = preSolution
		HideSolutionNode = FALSE
	EndGlobalSection
	GlobalSection(ExtensibilityGlobals) = postSolution
		SolutionGuid = {411D6B8D-0E52-49C2-9BCF-91268D6E4365}
	EndGlobalSection
EndGlobal
